
Microsoft Visual Studio Solution File, Format Version 12.00
# Visual Studio Version 16
VisualStudioVersion = 16.0.30320.27
MinimumVisualStudioVersion = 10.0.40219.1
Project("{FAE04EC0-301F-11D3-BF4B-00C04F79EFBC}") = "ARC Studio", "ARC Studio\ARC Studio.csproj", "{AB444E2A-B928-459B-B6A8-F46931F05ECF}"
EndProject
Global
	GlobalSection(SolutionConfigurationPlatforms) = preSolution
		Debug|Any CPU = Debug|Any CPU
		Release|Any CPU = Release|Any CPU
	EndGlobalSection
	GlobalSection(ProjectConfigurationPlatforms) = postSolution
		{AB444E2A-B928-459B-B6A8-F46931F05ECF}.Debug|Any CPU.ActiveCfg = Debug|Any CPU
		{AB444E2A-B928-459B-B6A8-F46931F05ECF}.Debug|Any CPU.Build.0 = Debug|Any CPU
		{AB444E2A-B928-459B-B6A8-F46931F05ECF}.Release|Any CPU.ActiveCfg = Release|Any CPU
		{AB444E2A-B928-459B-B6A8-F46931F05ECF}.Release|Any CPU.Build.0 = Release|Any CPU
	EndGlobalSection
	GlobalSection(SolutionProperties) = preSolution
		HideSolutionNode = FALSE
	EndGlobalSection
	GlobalSection(ExtensibilityGlobals) = postSolution
		SolutionGuid = {6E82FBE4-3EB0-4696-84FC-A22141069007}
	EndGlobalSection
EndGlobal
